
Microsoft Visual Studio Solution File, Format Version 12.00
# Visual Studio 15
Project("{FAE04EC0-301F-11D3-BF4B-00C04F79EFBC}") = "TestingFramework", "TestingFramework.csproj", "{3EB399E0-DD45-413E-B346-6C7F67C00848}"
EndProject
Global
	GlobalSection(SolutionConfigurationPlatforms) = preSolution
		Debug|Any CPU = Debug|Any CPU
		Release|Any CPU = Release|Any CPU
	EndGlobalSection
	GlobalSection(ProjectConfigurationPlatforms) = postSolution
		{3EB399E0-DD45-413E-B346-6C7F67C00848}.Debug|Any CPU.ActiveCfg = Debug|Any CPU
		{3EB399E0-DD45-413E-B346-6C7F67C00848}.Debug|Any CPU.Build.0 = Debug|Any CPU
		{3EB399E0-DD45-413E-B346-6C7F67C00848}.Release|Any CPU.ActiveCfg = Release|Any CPU
		{3EB399E0-DD45-413E-B346-6C7F67C00848}.Release|Any CPU.Build.0 = Release|Any CPU
	EndGlobalSection
EndGlobal
